<?xml version="1.0" encoding="utf-8"?>
<Project ToolsVersion="4.0" xmlns="http://schemas.microsoft.com/developer/msbuild/2003">
  <ItemGroup>
    <Filter Include="Source Files">
      <UniqueIdentifier>{4FC737F1-C7A5-4376-A066-2A32D752A2FF}</UniqueIdentifier>
      <Extensions>cpp;c;cc;cxx;def;odl;idl;hpj;bat;asm;asmx</Extensions>
    </Filter>
    <Filter Include="Header Files">
      <UniqueIdentifier>{93995380-89BD-4b04-88EB-625FBE52EBFB}</UniqueIdentifier>
      <Extensions>h;hpp;hxx;hm;inl;inc;xsd</Extensions>
    </Filter>
    <Filter Include="Resource Files">
      <UniqueIdentifier>{67DA6AB6-F800-4c08-8B7A-83BB121AAD01}</UniqueIdentifier>
      <Extensions>rc;ico;cur;bmp;dlg;rc2;rct;bin;rgs;gif;jpg;jpeg;jpe;resx;tiff;tif;png;wav;mfcribbon-ms</Extensions>
    </Filter>
    <Filter Include="MemoryLeakDetect">
      <UniqueIdentifier>{f0bb86af-e18c-4cb0-b28d-a77f0e92f675}</UniqueIdentifier>
    </Filter>
  </ItemGroup>
  <ItemGroup>
    <Text Include="ReadMe.txt" />
  </ItemGroup>
  <ItemGroup>
    <ClInclude Include="MemoryLeakDetect\dbgint.h">
      <Filter>MemoryLeakDetect</Filter>
    </ClInclude>
    <ClInclude Include="MemoryLeakDetect\MemLeakDetect.h">
      <Filter>MemoryLeakDetect</Filter>
    </ClInclude>
    <ClInclude Include="ActionModule.h">
      <Filter>Header Files</Filter>
    </ClInclude>
    <ClInclude Include="AutismCOACH.h">
      <Filter>Header Files</Filter>
    </ClInclude>
    <ClInclude Include="AutismCOACHDoc.h">
      <Filter>Header Files</Filter>
    </ClInclude>
    <ClInclude Include="AutismCOACHView.h">
      <Filter>Header Files</Filter>
    </ClInclude>
    <ClInclude Include="backgroundChangeDetector.h">
      <Filter>Header Files</Filter>
    </ClInclude>
    <ClInclude Include="CalibrateDlg.h">
      <Filter>Header Files</Filter>
    </ClInclude>
    <ClInclude Include="DeveloperPWDlg.h">
      <Filter>Header Files</Filter>
    </ClInclude>
    <ClInclude Include="FloatSliderCtrl.h">
      <Filter>Header Files</Filter>
    </ClInclude>
    <ClInclude Include="HandPositionsDlg.h">
      <Filter>Header Files</Filter>
    </ClInclude>
    <ClInclude Include="IDDUserSettings1.h">
      <Filter>Header Files</Filter>
    </ClInclude>
    <ClInclude Include="IDDUserSettings2.h">
      <Filter>Header Files</Filter>
    </ClInclude>
    <ClInclude Include="IDDUserSettings3.h">
      <Filter>Header Files</Filter>
    </ClInclude>
    <ClInclude Include="Logging.h">
      <Filter>Header Files</Filter>
    </ClInclude>
    <ClInclude Include="MainFrm.h">
      <Filter>Header Files</Filter>
    </ClInclude>
    <ClInclude Include="MonitorandPrompt.h">
      <Filter>Header Files</Filter>
    </ClInclude>
    <ClInclude Include="OpticalFlow.h">
      <Filter>Header Files</Filter>
    </ClInclude>
    <ClInclude Include="PauseSystemDlg.h">
      <Filter>Header Files</Filter>
    </ClInclude>
    <ClInclude Include="PrematureStopDlg.h">
      <Filter>Header Files</Filter>
    </ClInclude>
    <ClInclude Include="ShowImageDlg.h">
      <Filter>Header Files</Filter>
    </ClInclude>
    <ClInclude Include="StartupMenu.h">
      <Filter>Header Files</Filter>
    </ClInclude>
    <ClInclude Include="stdafx.h">
      <Filter>Header Files</Filter>
    </ClInclude>
    <ClInclude Include="targetver.h">
      <Filter>Header Files</Filter>
    </ClInclude>
    <ClInclude Include="TrainWaterDetectorDlg.h">
      <Filter>Header Files</Filter>
    </ClInclude>
    <ClInclude Include="UserDataDlg.h">
      <Filter>Header Files</Filter>
    </ClInclude>
    <ClInclude Include="UserSettingsDlg.h">
      <Filter>Header Files</Filter>
    </ClInclude>
    <ClInclude Include="VidPlayerDefines.h">
      <Filter>Header Files</Filter>
    </ClInclude>
    <ClInclude Include="WaterDetector.h">
      <Filter>Header Files</Filter>
    </ClInclude>
    <ClInclude Include="resource.h">
      <Filter>Header Files</Filter>
    </ClInclude>
    <ClInclude Include="ParallelPort.h">
      <Filter>Header Files</Filter>
    </ClInclude>
    <ClInclude Include="Timer.h">
      <Filter>Header Files</Filter>
    </ClInclude>
    <ClInclude Include="Color.h">
      <Filter>Header Files</Filter>
    </ClInclude>
    <ClInclude Include="Flock.h">
      <Filter>Header Files</Filter>
    </ClInclude>
    <ClInclude Include="HandTracker.h">
      <Filter>Header Files</Filter>
    </ClInclude>
    <ClInclude Include="IComp.h">
      <Filter>Header Files</Filter>
    </ClInclude>
    <ClInclude Include="ParticleFilter.h">
      <Filter>Header Files</Filter>
    </ClInclude>
    <ClInclude Include="PFHTDefines.h">
      <Filter>Header Files</Filter>
    </ClInclude>
    <ClInclude Include="Speck.h">
      <Filter>Header Files</Filter>
    </ClInclude>
    <ClInclude Include="CvvImage.h">
      <Filter>Header Files</Filter>
    </ClInclude>
  </ItemGroup>
  <ItemGroup>
    <ClCompile Include="MemoryLeakDetect\MemLeakDetect.cpp">
      <Filter>MemoryLeakDetect</Filter>
    </ClCompile>
    <ClCompile Include="TrainWaterDetectorDlg.cpp">
      <Filter>Source Files</Filter>
    </ClCompile>
    <ClCompile Include="UserDataDlg.cpp">
      <Filter>Source Files</Filter>
    </ClCompile>
    <ClCompile Include="UserSettingsDlg.cpp">
      <Filter>Source Files</Filter>
    </ClCompile>
    <ClCompile Include="WaterDetector.cpp">
      <Filter>Source Files</Filter>
    </ClCompile>
    <ClCompile Include="ActionModule.cpp">
      <Filter>Source Files</Filter>
    </ClCompile>
    <ClCompile Include="AutismCOACH.cpp">
      <Filter>Source Files</Filter>
    </ClCompile>
    <ClCompile Include="AutismCOACHDoc.cpp">
      <Filter>Source Files</Filter>
    </ClCompile>
    <ClCompile Include="AutismCOACHView.cpp">
      <Filter>Source Files</Filter>
    </ClCompile>
    <ClCompile Include="backgroundChangeDetector.cpp">
      <Filter>Source Files</Filter>
    </ClCompile>
    <ClCompile Include="CalibrateDlg.cpp">
      <Filter>Source Files</Filter>
    </ClCompile>
    <ClCompile Include="DeveloperPWDlg.cpp">
      <Filter>Source Files</Filter>
    </ClCompile>
    <ClCompile Include="HandPositionsDlg.cpp">
      <Filter>Source Files</Filter>
    </ClCompile>
    <ClCompile Include="IDDUserSettings1.cpp">
      <Filter>Source Files</Filter>
    </ClCompile>
    <ClCompile Include="IDDUserSettings2.cpp">
      <Filter>Source Files</Filter>
    </ClCompile>
    <ClCompile Include="IDDUserSettings3.cpp">
      <Filter>Source Files</Filter>
    </ClCompile>
    <ClCompile Include="Logging.cpp">
      <Filter>Source Files</Filter>
    </ClCompile>
    <ClCompile Include="MainFrm.cpp">
      <Filter>Source Files</Filter>
    </ClCompile>
    <ClCompile Include="MonitorandPrompt.cpp">
      <Filter>Source Files</Filter>
    </ClCompile>
    <ClCompile Include="OpticalFlow.cpp">
      <Filter>Source Files</Filter>
    </ClCompile>
    <ClCompile Include="PauseSystemDlg.cpp">
      <Filter>Source Files</Filter>
    </ClCompile>
    <ClCompile Include="PrematureStopDlg.cpp">
      <Filter>Source Files</Filter>
    </ClCompile>
    <ClCompile Include="ShowImageDlg.cpp">
      <Filter>Source Files</Filter>
    </ClCompile>
    <ClCompile Include="StartupMenu.cpp">
      <Filter>Source Files</Filter>
    </ClCompile>
    <ClCompile Include="stdafx.cpp">
      <Filter>Source Files</Filter>
    </ClCompile>
    <ClCompile Include=".\Timer.cpp">
      <Filter>Source Files</Filter>
    </ClCompile>
    <ClCompile Include="Color.cpp">
      <Filter>Source Files</Filter>
    </ClCompile>
    <ClCompile Include="Flock.cpp">
      <Filter>Source Files</Filter>
    </ClCompile>
    <ClCompile Include="HandTracker.cpp">
      <Filter>Source Files</Filter>
    </ClCompile>
    <ClCompile Include="IComp.cpp">
      <Filter>Source Files</Filter>
    </ClCompile>
    <ClCompile Include="ParticleFilter.cpp">
      <Filter>Source Files</Filter>
    </ClCompile>
    <ClCompile Include="Speck.cpp">
      <Filter>Source Files</Filter>
    </ClCompile>
    <ClCompile Include="CvvImage.cpp">
      <Filter>Source Files</Filter>
    </ClCompile>
  </ItemGroup>
  <ItemGroup>
    <ResourceCompile Include="AutismCOACH.rc">
      <Filter>Resource Files</Filter>
    </ResourceCompile>
  </ItemGroup>
  <ItemGroup>
    <None Include="res\AutismCOACH.rc2">
      <Filter>Resource Files</Filter>
    </None>
  </ItemGroup>
  <ItemGroup>
    <Image Include="res\AutismCOACHDoc.ico">
      <Filter>Resource Files</Filter>
    </Image>
    <Image Include="res\AutismCOACH.ico">
      <Filter>Resource Files</Filter>
    </Image>
    <Image Include="res\Toolbar.bmp">
      <Filter>Resource Files</Filter>
    </Image>
  </ItemGroup>
</Project>