<?xml version="1.0" encoding="utf-8"?>
<Project ToolsVersion="4.0" xmlns="http://schemas.microsoft.com/developer/msbuild/2003">
  <ItemGroup>
    <Filter Include="Source Files">
      <UniqueIdentifier>{4FC737F1-C7A5-4376-A066-2A32D752A2FF}</UniqueIdentifier>
      <Extensions>cpp;c;cc;cxx;def;odl;idl;hpj;bat;asm;asmx</Extensions>
    </Filter>
    <Filter Include="Header Files">
      <UniqueIdentifier>{93995380-89BD-4b04-88EB-625FBE52EBFB}</UniqueIdentifier>
      <Extensions>h;hh;hpp;hxx;hm;inl;inc;xsd</Extensions>
    </Filter>
    <Filter Include="Resource Files">
      <UniqueIdentifier>{67DA6AB6-F800-4c08-8B7A-83BB121AAD01}</UniqueIdentifier>
      <Extensions>rc;ico;cur;bmp;dlg;rc2;rct;bin;rgs;gif;jpg;jpeg;jpe;resx;tiff;tif;png;wav;mfcribbon-ms</Extensions>
    </Filter>
    <Filter Include="CSIRO-face-tracker">
      <UniqueIdentifier>{783b7b07-4916-4c33-a4b2-15c2ce4c36f5}</UniqueIdentifier>
    </Filter>
  </ItemGroup>
  <ItemGroup>
    <Text Include="ReadMe.txt" />
  </ItemGroup>
  <ItemGroup>
    <ClInclude Include="CSIRO-face-tracker-mfc.h">
      <Filter>Header Files</Filter>
    </ClInclude>
    <ClInclude Include="stdafx.h">
      <Filter>Header Files</Filter>
    </ClInclude>
    <ClInclude Include="targetver.h">
      <Filter>Header Files</Filter>
    </ClInclude>
    <ClInclude Include="MainFrm.h">
      <Filter>Header Files</Filter>
    </ClInclude>
    <ClInclude Include="CSIRO-face-tracker-mfcDoc.h">
      <Filter>Header Files</Filter>
    </ClInclude>
    <ClInclude Include="CSIRO-face-tracker-mfcView.h">
      <Filter>Header Files</Filter>
    </ClInclude>
    <ClInclude Include="Resource.h">
      <Filter>Header Files</Filter>
    </ClInclude>
    <ClInclude Include="CSIRO-face-tracker\ATM.hpp">
      <Filter>CSIRO-face-tracker</Filter>
    </ClInclude>
    <ClInclude Include="CSIRO-face-tracker\BasicDefines.hpp">
      <Filter>CSIRO-face-tracker</Filter>
    </ClInclude>
    <ClInclude Include="CSIRO-face-tracker\CLM.hpp">
      <Filter>CSIRO-face-tracker</Filter>
    </ClInclude>
    <ClInclude Include="CSIRO-face-tracker\command-line-arguments.hpp">
      <Filter>CSIRO-face-tracker</Filter>
    </ClInclude>
    <ClInclude Include="CSIRO-face-tracker\Config.h">
      <Filter>CSIRO-face-tracker</Filter>
    </ClInclude>
    <ClInclude Include="CSIRO-face-tracker\Detector.hpp">
      <Filter>CSIRO-face-tracker</Filter>
    </ClInclude>
    <ClInclude Include="CSIRO-face-tracker\FaceTracker.hpp">
      <Filter>CSIRO-face-tracker</Filter>
    </ClInclude>
    <ClInclude Include="CSIRO-face-tracker\FCheck.hpp">
      <Filter>CSIRO-face-tracker</Filter>
    </ClInclude>
    <ClInclude Include="CSIRO-face-tracker\FDet.hpp">
      <Filter>CSIRO-face-tracker</Filter>
    </ClInclude>
    <ClInclude Include="CSIRO-face-tracker\helpers.hpp">
      <Filter>CSIRO-face-tracker</Filter>
    </ClInclude>
    <ClInclude Include="CSIRO-face-tracker\IO.hpp">
      <Filter>CSIRO-face-tracker</Filter>
    </ClInclude>
    <ClInclude Include="CSIRO-face-tracker\myFaceTracker.hpp">
      <Filter>CSIRO-face-tracker</Filter>
    </ClInclude>
    <ClInclude Include="CSIRO-face-tracker\Patch.hpp">
      <Filter>CSIRO-face-tracker</Filter>
    </ClInclude>
    <ClInclude Include="CSIRO-face-tracker\points.hpp">
      <Filter>CSIRO-face-tracker</Filter>
    </ClInclude>
    <ClInclude Include="CSIRO-face-tracker\RegistrationCheck.hpp">
      <Filter>CSIRO-face-tracker</Filter>
    </ClInclude>
    <ClInclude Include="CSIRO-face-tracker\ShapeModel.hpp">
      <Filter>CSIRO-face-tracker</Filter>
    </ClInclude>
    <ClInclude Include="CSIRO-face-tracker\ShapePredictor.hpp">
      <Filter>CSIRO-face-tracker</Filter>
    </ClInclude>
    <ClInclude Include="CSIRO-face-tracker\Warp.hpp">
      <Filter>CSIRO-face-tracker</Filter>
    </ClInclude>
  </ItemGroup>
  <ItemGroup>
    <ClCompile Include="CSIRO-face-tracker-mfc.cpp">
      <Filter>Source Files</Filter>
    </ClCompile>
    <ClCompile Include="stdafx.cpp">
      <Filter>Source Files</Filter>
    </ClCompile>
    <ClCompile Include="MainFrm.cpp">
      <Filter>Source Files</Filter>
    </ClCompile>
    <ClCompile Include="CSIRO-face-tracker-mfcDoc.cpp">
      <Filter>Source Files</Filter>
    </ClCompile>
    <ClCompile Include="CSIRO-face-tracker-mfcView.cpp">
      <Filter>Source Files</Filter>
    </ClCompile>
    <ClCompile Include="CSIRO-face-tracker\ATM.cpp">
      <Filter>CSIRO-face-tracker</Filter>
    </ClCompile>
    <ClCompile Include="CSIRO-face-tracker\CLM.cpp">
      <Filter>CSIRO-face-tracker</Filter>
    </ClCompile>
    <ClCompile Include="CSIRO-face-tracker\command-line-arguments.cpp">
      <Filter>CSIRO-face-tracker</Filter>
    </ClCompile>
    <ClCompile Include="CSIRO-face-tracker\Detector.cpp">
      <Filter>CSIRO-face-tracker</Filter>
    </ClCompile>
    <ClCompile Include="CSIRO-face-tracker\FaceTracker.cpp">
      <Filter>CSIRO-face-tracker</Filter>
    </ClCompile>
    <ClCompile Include="CSIRO-face-tracker\FCheck.cpp">
      <Filter>CSIRO-face-tracker</Filter>
    </ClCompile>
    <ClCompile Include="CSIRO-face-tracker\FDet.cpp">
      <Filter>CSIRO-face-tracker</Filter>
    </ClCompile>
    <ClCompile Include="CSIRO-face-tracker\helpers.cpp">
      <Filter>CSIRO-face-tracker</Filter>
    </ClCompile>
    <ClCompile Include="CSIRO-face-tracker\IO.cpp">
      <Filter>CSIRO-face-tracker</Filter>
    </ClCompile>
    <ClCompile Include="CSIRO-face-tracker\myFaceTracker.cpp">
      <Filter>CSIRO-face-tracker</Filter>
    </ClCompile>
    <ClCompile Include="CSIRO-face-tracker\Patch.cpp">
      <Filter>CSIRO-face-tracker</Filter>
    </ClCompile>
    <ClCompile Include="CSIRO-face-tracker\points.cpp">
      <Filter>CSIRO-face-tracker</Filter>
    </ClCompile>
    <ClCompile Include="CSIRO-face-tracker\RegistrationCheck.cpp">
      <Filter>CSIRO-face-tracker</Filter>
    </ClCompile>
    <ClCompile Include="CSIRO-face-tracker\ShapeModel.cpp">
      <Filter>CSIRO-face-tracker</Filter>
    </ClCompile>
    <ClCompile Include="CSIRO-face-tracker\ShapePredictor.cpp">
      <Filter>CSIRO-face-tracker</Filter>
    </ClCompile>
    <ClCompile Include="CSIRO-face-tracker\Warp.cpp">
      <Filter>CSIRO-face-tracker</Filter>
    </ClCompile>
  </ItemGroup>
  <ItemGroup>
    <ResourceCompile Include="CSIRO-face-tracker-mfc.rc">
      <Filter>Resource Files</Filter>
    </ResourceCompile>
  </ItemGroup>
  <ItemGroup>
    <None Include="res\CSIROfacetrackermfc.rc2">
      <Filter>Resource Files</Filter>
    </None>
  </ItemGroup>
  <ItemGroup>
    <Image Include="res\CSIRO-face-tracker-mfcDoc.ico">
      <Filter>Resource Files</Filter>
    </Image>
    <Image Include="res\CSIRO-face-tracker-mfc.ico">
      <Filter>Resource Files</Filter>
    </Image>
  </ItemGroup>
</Project>